
Microsoft Visual Studio Solution File, Format Version 12.00
# Visual Studio Version 17
VisualStudioVersion = 17.5.002.0
MinimumVisualStudioVersion = 10.0.40219.1
Project("{9A19103F-16F7-4668-BE54-9A1E7A4F7556}") = "BlazingPizza", "BlazingPizza.csproj", "{3D153C62-5432-4EC3-AC56-E0F471A0D364}"
EndProject
Global
	GlobalSection(SolutionConfigurationPlatforms) = preSolution
		Debug|Any CPU = Debug|Any CPU
		Release|Any CPU = Release|Any CPU
	EndGlobalSection
	GlobalSection(ProjectConfigurationPlatforms) = postSolution
		{3D153C62-5432-4EC3-AC56-E0F471A0D364}.Debug|Any CPU.ActiveCfg = Debug|Any CPU
		{3D153C62-5432-4EC3-AC56-E0F471A0D364}.Debug|Any CPU.Build.0 = Debug|Any CPU
		{3D153C62-5432-4EC3-AC56-E0F471A0D364}.Release|Any CPU.ActiveCfg = Release|Any CPU
		{3D153C62-5432-4EC3-AC56-E0F471A0D364}.Release|Any CPU.Build.0 = Release|Any CPU
	EndGlobalSection
	GlobalSection(SolutionProperties) = preSolution
		HideSolutionNode = FALSE
	EndGlobalSection
	GlobalSection(ExtensibilityGlobals) = postSolution
		SolutionGuid = {1628C7DD-CB99-4782-9940-E0C37B91856F}
	EndGlobalSection
EndGlobal
