
Microsoft Visual Studio Solution File, Format Version 12.00
# Visual Studio Version 17
VisualStudioVersion = 17.5.002.0
MinimumVisualStudioVersion = 10.0.40219.1
Project("{9A19103F-16F7-4668-BE54-9A1E7A4F7556}") = "BlazingPizza", "BlazingPizza.csproj", "{4CBE52B6-3207-40FF-BB35-D272B0BC8A61}"
EndProject
Global
	GlobalSection(SolutionConfigurationPlatforms) = preSolution
		Debug|Any CPU = Debug|Any CPU
		Release|Any CPU = Release|Any CPU
	EndGlobalSection
	GlobalSection(ProjectConfigurationPlatforms) = postSolution
		{4CBE52B6-3207-40FF-BB35-D272B0BC8A61}.Debug|Any CPU.ActiveCfg = Debug|Any CPU
		{4CBE52B6-3207-40FF-BB35-D272B0BC8A61}.Debug|Any CPU.Build.0 = Debug|Any CPU
		{4CBE52B6-3207-40FF-BB35-D272B0BC8A61}.Release|Any CPU.ActiveCfg = Release|Any CPU
		{4CBE52B6-3207-40FF-BB35-D272B0BC8A61}.Release|Any CPU.Build.0 = Release|Any CPU
	EndGlobalSection
	GlobalSection(SolutionProperties) = preSolution
		HideSolutionNode = FALSE
	EndGlobalSection
	GlobalSection(ExtensibilityGlobals) = postSolution
		SolutionGuid = {6B28805D-86E3-4055-A360-B7B9A865DE06}
	EndGlobalSection
EndGlobal
